
Microsoft Visual Studio Solution File, Format Version 12.00
# Visual Studio Version 16
VisualStudioVersion = 16.0.30509.190
MinimumVisualStudioVersion = 10.0.40219.1
Project("{9A19103F-16F7-4668-BE54-9A1E7A4F7556}") = "WebSite.Server", "WebSite\Server\WebSite.Server.csproj", "{225919C2-E701-4C29-9C72-81A9AB8FBD76}"
EndProject
Project("{9A19103F-16F7-4668-BE54-9A1E7A4F7556}") = "WebSite.Client", "WebSite\Client\WebSite.Client.csproj", "{D962AB49-4346-4F11-ADA9-D60791463158}"
EndProject
Project("{9A19103F-16F7-4668-BE54-9A1E7A4F7556}") = "WebSite.Shared", "WebSite\Shared\WebSite.Shared.csproj", "{B9037B7D-0EA1-43E1-8AE1-2D10AEA230EF}"
EndProject
Project("{9A19103F-16F7-4668-BE54-9A1E7A4F7556}") = "SampleRazorClassLibrary", "..\SampleRazorClassLibrary\SampleRazorClassLibrary.csproj", "{0EF23C69-5E91-4835-9C40-100E94D2D7EA}"
EndProject
Project("{9A19103F-16F7-4668-BE54-9A1E7A4F7556}") = "SampleSourceGenerators", "..\SampleSourceGenerators\SampleSourceGenerators.csproj", "{427B7BEE-9B06-4EA2-9C60-465C07F35618}"
EndProject
Global
	GlobalSection(SolutionConfigurationPlatforms) = preSolution
		Debug|Any CPU = Debug|Any CPU
		Release|Any CPU = Release|Any CPU
	EndGlobalSection
	GlobalSection(ProjectConfigurationPlatforms) = postSolution
		{225919C2-E701-4C29-9C72-81A9AB8FBD76}.Debug|Any CPU.ActiveCfg = Debug|Any CPU
		{225919C2-E701-4C29-9C72-81A9AB8FBD76}.Debug|Any CPU.Build.0 = Debug|Any CPU
		{225919C2-E701-4C29-9C72-81A9AB8FBD76}.Release|Any CPU.ActiveCfg = Release|Any CPU
		{225919C2-E701-4C29-9C72-81A9AB8FBD76}.Release|Any CPU.Build.0 = Release|Any CPU
		{D962AB49-4346-4F11-ADA9-D60791463158}.Debug|Any CPU.ActiveCfg = Debug|Any CPU
		{D962AB49-4346-4F11-ADA9-D60791463158}.Debug|Any CPU.Build.0 = Debug|Any CPU
		{D962AB49-4346-4F11-ADA9-D60791463158}.Release|Any CPU.ActiveCfg = Release|Any CPU
		{D962AB49-4346-4F11-ADA9-D60791463158}.Release|Any CPU.Build.0 = Release|Any CPU
		{B9037B7D-0EA1-43E1-8AE1-2D10AEA230EF}.Debug|Any CPU.ActiveCfg = Debug|Any CPU
		{B9037B7D-0EA1-43E1-8AE1-2D10AEA230EF}.Debug|Any CPU.Build.0 = Debug|Any CPU
		{B9037B7D-0EA1-43E1-8AE1-2D10AEA230EF}.Release|Any CPU.ActiveCfg = Release|Any CPU
		{B9037B7D-0EA1-43E1-8AE1-2D10AEA230EF}.Release|Any CPU.Build.0 = Release|Any CPU
		{0EF23C69-5E91-4835-9C40-100E94D2D7EA}.Debug|Any CPU.ActiveCfg = Debug|Any CPU
		{0EF23C69-5E91-4835-9C40-100E94D2D7EA}.Debug|Any CPU.Build.0 = Debug|Any CPU
		{0EF23C69-5E91-4835-9C40-100E94D2D7EA}.Release|Any CPU.ActiveCfg = Release|Any CPU
		{0EF23C69-5E91-4835-9C40-100E94D2D7EA}.Release|Any CPU.Build.0 = Release|Any CPU
		{427B7BEE-9B06-4EA2-9C60-465C07F35618}.Debug|Any CPU.ActiveCfg = Debug|Any CPU
		{427B7BEE-9B06-4EA2-9C60-465C07F35618}.Debug|Any CPU.Build.0 = Debug|Any CPU
		{427B7BEE-9B06-4EA2-9C60-465C07F35618}.Release|Any CPU.ActiveCfg = Release|Any CPU
		{427B7BEE-9B06-4EA2-9C60-465C07F35618}.Release|Any CPU.Build.0 = Release|Any CPU
	EndGlobalSection
	GlobalSection(SolutionProperties) = preSolution
		HideSolutionNode = FALSE
	EndGlobalSection
	GlobalSection(ExtensibilityGlobals) = postSolution
		SolutionGuid = {3B6EB04E-A319-46C9-BE86-F2C7750FE0B2}
	EndGlobalSection
EndGlobal
